{
  "name": "cortex-command-community-project-language-support",
  "version": "0.0.1",
  "lockfileVersion": 2,
  "requires": true,
  "packages": {
    "": {
      "name": "cortex-command-community-project-language-support",
      "version": "0.0.1",
      "engines": {
        "vscode": "^1.74.0"
      }
    }
  }
}